version = 1
revision = 1
requires-python = ">=3.10"
resolution-markers = [
    "python_full_version >= '3.11'",
    "python_full_version < '3.11'",
]

[[package]]
name = "colorama"
version = "0.4.6"
source = { registry = "https://pypi.org/simple" }
sdist = { url = "https://files.pythonhosted.org/packages/d8/53/6f443c9a4a8358a93a6792e2acffb9d9d5cb0a5cfd8802644b7b1c9a02e4/colorama-0.4.6.tar.gz", hash = "sha256:08695f5cb7ed6e0531a20572697297273c47b8cae5a63ffc6d6ed5c201be6e44", size = 27697 }
wheels = [
    { url = "https://files.pythonhosted.org/packages/d1/d6/3965ed04c63042e047cb6a3e6ed1a63a35087b6a609aa3a15ed8ac56c221/colorama-0.4.6-py2.py3-none-any.whl", hash = "sha256:4f1d9991f5acc0ca119f9d443620b77f9d6b33703e51011c16baf57afb285fc6", size = 25335 },
]

[[package]]
name = "curverag"
version = "0.1.0"
source = { virtual = "." }
dependencies = [
    { name = "semchunk" },
]

[package.metadata]
requires-dist = [{ name = "semchunk", specifier = ">=3.2.1" }]

[[package]]
name = "dill"
version = "0.3.9"
source = { registry = "https://pypi.org/simple" }
sdist = { url = "https://files.pythonhosted.org/packages/70/43/86fe3f9e130c4137b0f1b50784dd70a5087b911fe07fa81e53e0c4c47fea/dill-0.3.9.tar.gz", hash = "sha256:81aa267dddf68cbfe8029c42ca9ec6a4ab3b22371d1c450abc54422577b4512c", size = 187000 }
wheels = [
    { url = "https://files.pythonhosted.org/packages/46/d1/e73b6ad76f0b1fb7f23c35c6d95dbc506a9c8804f43dda8cb5b0fa6331fd/dill-0.3.9-py3-none-any.whl", hash = "sha256:468dff3b89520b474c0397703366b7b95eebe6303f108adf9b19da1f702be87a", size = 119418 },
]

[[package]]
name = "mpire"
version = "2.10.2"
source = { registry = "https://pypi.org/simple" }
dependencies = [
    { name = "pygments" },
    { name = "pywin32", marker = "sys_platform == 'win32'" },
    { name = "tqdm" },
]
sdist = { url = "https://files.pythonhosted.org/packages/3a/93/80ac75c20ce54c785648b4ed363c88f148bf22637e10c9863db4fbe73e74/mpire-2.10.2.tar.gz", hash = "sha256:f66a321e93fadff34585a4bfa05e95bd946cf714b442f51c529038eb45773d97", size = 271270 }
wheels = [
    { url = "https://files.pythonhosted.org/packages/20/14/1db1729ad6db4999c3a16c47937d601fcb909aaa4224f5eca5a2f145a605/mpire-2.10.2-py3-none-any.whl", hash = "sha256:d627707f7a8d02aa4c7f7d59de399dec5290945ddf7fbd36cbb1d6ebb37a51fb", size = 272756 },
]

[package.optional-dependencies]
dill = [
    { name = "multiprocess" },
]

[[package]]
name = "multiprocess"
version = "0.70.17"
source = { registry = "https://pypi.org/simple" }
dependencies = [
    { name = "dill" },
]
sdist = { url = "https://files.pythonhosted.org/packages/e9/34/1acca6e18697017ad5c8b45279b59305d660ecf2fbed13e5f406f69890e4/multiprocess-0.70.17.tar.gz", hash = "sha256:4ae2f11a3416809ebc9a48abfc8b14ecce0652a0944731a1493a3c1ba44ff57a", size = 1785744 }
wheels = [
    { url = "https://files.pythonhosted.org/packages/f2/97/e57eaa8a4dc4036460d13162470eb0da520e6496a90b943529cf1ca40ebd/multiprocess-0.70.17-pp310-pypy310_pp73-macosx_10_15_x86_64.whl", hash = "sha256:7ddb24e5bcdb64e90ec5543a1f05a39463068b6d3b804aa3f2a4e16ec28562d6", size = 135007 },
    { url = "https://files.pythonhosted.org/packages/8f/0a/bb06ea45e5b400cd9944e05878fdbb9016ba78ffb9190c541eec9c8e8380/multiprocess-0.70.17-pp310-pypy310_pp73-macosx_11_0_arm64.whl", hash = "sha256:d729f55198a3579f6879766a6d9b72b42d4b320c0dcb7844afb774d75b573c62", size = 135008 },
    { url = "https://files.pythonhosted.org/packages/20/e3/db48b10f0a25569c5c3a20288d82f9677cb312bccbd1da16cf8fb759649f/multiprocess-0.70.17-pp310-pypy310_pp73-manylinux_2_28_x86_64.whl", hash = "sha256:c2c82d0375baed8d8dd0d8c38eb87c5ae9c471f8e384ad203a36f095ee860f67", size = 135012 },
    { url = "https://files.pythonhosted.org/packages/e7/a9/39cf856d03690af6fd570cf40331f1f79acdbb3132a9c35d2c5002f7f30b/multiprocess-0.70.17-py310-none-any.whl", hash = "sha256:38357ca266b51a2e22841b755d9a91e4bb7b937979a54d411677111716c32744", size = 134830 },
    { url = "https://files.pythonhosted.org/packages/b2/07/8cbb75d6cfbe8712d8f7f6a5615f083c6e710ab916b748fbb20373ddb142/multiprocess-0.70.17-py311-none-any.whl", hash = "sha256:2884701445d0177aec5bd5f6ee0df296773e4fb65b11903b94c613fb46cfb7d1", size = 144346 },
    { url = "https://files.pythonhosted.org/packages/a4/69/d3f343a61a2f86ef10ed7865a26beda7c71554136ce187b0384b1c2c9ca3/multiprocess-0.70.17-py312-none-any.whl", hash = "sha256:2818af14c52446b9617d1b0755fa70ca2f77c28b25ed97bdaa2c69a22c47b46c", size = 147990 },
    { url = "https://files.pythonhosted.org/packages/c8/b7/2e9a4fcd871b81e1f2a812cd5c6fb52ad1e8da7bf0d7646c55eaae220484/multiprocess-0.70.17-py313-none-any.whl", hash = "sha256:20c28ca19079a6c879258103a6d60b94d4ffe2d9da07dda93fb1c8bc6243f522", size = 149843 },
    { url = "https://files.pythonhosted.org/packages/ae/d7/fd7a092fc0ab1845a1a97ca88e61b9b7cc2e9d6fcf0ed24e9480590c2336/multiprocess-0.70.17-py38-none-any.whl", hash = "sha256:1d52f068357acd1e5bbc670b273ef8f81d57863235d9fbf9314751886e141968", size = 132635 },
    { url = "https://files.pythonhosted.org/packages/f9/41/0618ac724b8a56254962c143759e04fa01c73b37aa69dd433f16643bd38b/multiprocess-0.70.17-py39-none-any.whl", hash = "sha256:c3feb874ba574fbccfb335980020c1ac631fbf2a3f7bee4e2042ede62558a021", size = 133359 },
]

[[package]]
name = "pygments"
version = "2.19.1"
source = { registry = "https://pypi.org/simple" }
sdist = { url = "https://files.pythonhosted.org/packages/7c/2d/c3338d48ea6cc0feb8446d8e6937e1408088a72a39937982cc6111d17f84/pygments-2.19.1.tar.gz", hash = "sha256:61c16d2a8576dc0649d9f39e089b5f02bcd27fba10d8fb4dcc28173f7a45151f", size = 4968581 }
wheels = [
    { url = "https://files.pythonhosted.org/packages/8a/0b/9fcc47d19c48b59121088dd6da2488a49d5f72dacf8262e2790a1d2c7d15/pygments-2.19.1-py3-none-any.whl", hash = "sha256:9ea1544ad55cecf4b8242fab6dd35a93bbce657034b0611ee383099054ab6d8c", size = 1225293 },
]

[[package]]
name = "pywin32"
version = "310"
source = { registry = "https://pypi.org/simple" }
wheels = [
    { url = "https://files.pythonhosted.org/packages/95/da/a5f38fffbba2fb99aa4aa905480ac4b8e83ca486659ac8c95bce47fb5276/pywin32-310-cp310-cp310-win32.whl", hash = "sha256:6dd97011efc8bf51d6793a82292419eba2c71cf8e7250cfac03bba284454abc1", size = 8848240 },
    { url = "https://files.pythonhosted.org/packages/aa/fe/d873a773324fa565619ba555a82c9dabd677301720f3660a731a5d07e49a/pywin32-310-cp310-cp310-win_amd64.whl", hash = "sha256:c3e78706e4229b915a0821941a84e7ef420bf2b77e08c9dae3c76fd03fd2ae3d", size = 9601854 },
    { url = "https://files.pythonhosted.org/packages/3c/84/1a8e3d7a15490d28a5d816efa229ecb4999cdc51a7c30dd8914f669093b8/pywin32-310-cp310-cp310-win_arm64.whl", hash = "sha256:33babed0cf0c92a6f94cc6cc13546ab24ee13e3e800e61ed87609ab91e4c8213", size = 8522963 },
    { url = "https://files.pythonhosted.org/packages/f7/b1/68aa2986129fb1011dabbe95f0136f44509afaf072b12b8f815905a39f33/pywin32-310-cp311-cp311-win32.whl", hash = "sha256:1e765f9564e83011a63321bb9d27ec456a0ed90d3732c4b2e312b855365ed8bd", size = 8784284 },
    { url = "https://files.pythonhosted.org/packages/b3/bd/d1592635992dd8db5bb8ace0551bc3a769de1ac8850200cfa517e72739fb/pywin32-310-cp311-cp311-win_amd64.whl", hash = "sha256:126298077a9d7c95c53823934f000599f66ec9296b09167810eb24875f32689c", size = 9520748 },
    { url = "https://files.pythonhosted.org/packages/90/b1/ac8b1ffce6603849eb45a91cf126c0fa5431f186c2e768bf56889c46f51c/pywin32-310-cp311-cp311-win_arm64.whl", hash = "sha256:19ec5fc9b1d51c4350be7bb00760ffce46e6c95eaf2f0b2f1150657b1a43c582", size = 8455941 },
    { url = "https://files.pythonhosted.org/packages/6b/ec/4fdbe47932f671d6e348474ea35ed94227fb5df56a7c30cbbb42cd396ed0/pywin32-310-cp312-cp312-win32.whl", hash = "sha256:8a75a5cc3893e83a108c05d82198880704c44bbaee4d06e442e471d3c9ea4f3d", size = 8796239 },
    { url = "https://files.pythonhosted.org/packages/e3/e5/b0627f8bb84e06991bea89ad8153a9e50ace40b2e1195d68e9dff6b03d0f/pywin32-310-cp312-cp312-win_amd64.whl", hash = "sha256:bf5c397c9a9a19a6f62f3fb821fbf36cac08f03770056711f765ec1503972060", size = 9503839 },
    { url = "https://files.pythonhosted.org/packages/1f/32/9ccf53748df72301a89713936645a664ec001abd35ecc8578beda593d37d/pywin32-310-cp312-cp312-win_arm64.whl", hash = "sha256:2349cc906eae872d0663d4d6290d13b90621eaf78964bb1578632ff20e152966", size = 8459470 },
    { url = "https://files.pythonhosted.org/packages/1c/09/9c1b978ffc4ae53999e89c19c77ba882d9fce476729f23ef55211ea1c034/pywin32-310-cp313-cp313-win32.whl", hash = "sha256:5d241a659c496ada3253cd01cfaa779b048e90ce4b2b38cd44168ad555ce74ab", size = 8794384 },
    { url = "https://files.pythonhosted.org/packages/45/3c/b4640f740ffebadd5d34df35fecba0e1cfef8fde9f3e594df91c28ad9b50/pywin32-310-cp313-cp313-win_amd64.whl", hash = "sha256:667827eb3a90208ddbdcc9e860c81bde63a135710e21e4cb3348968e4bd5249e", size = 9503039 },
    { url = "https://files.pythonhosted.org/packages/b4/f4/f785020090fb050e7fb6d34b780f2231f302609dc964672f72bfaeb59a28/pywin32-310-cp313-cp313-win_arm64.whl", hash = "sha256:e308f831de771482b7cf692a1f308f8fca701b2d8f9dde6cc440c7da17e47b33", size = 8458152 },
]

[[package]]
name = "semchunk"
version = "3.2.1"
source = { registry = "https://pypi.org/simple" }
dependencies = [
    { name = "mpire", extra = ["dill"] },
    { name = "tqdm" },
]
sdist = { url = "https://files.pythonhosted.org/packages/ef/1a/2db5e9f5f160adc3fba4692f5f41d8acaa3ed7abb63f68e229ae1324a7d6/semchunk-3.2.1.tar.gz", hash = "sha256:ea45893047f63df1b92f552144a20473ece4b004ac3d92cfe92601fd7d3281b0", size = 17733 }
wheels = [
    { url = "https://files.pythonhosted.org/packages/df/d0/11534788a1246899839d31685221164084fd4cea0461f38532f4731f334a/semchunk-3.2.1-py3-none-any.whl", hash = "sha256:4246e2c32ba6e754f188d2caf4cd9dee8f93d05dbf1a4e3fc03b85717093a460", size = 13069 },
]

[[package]]
name = "tqdm"
version = "4.67.1"
source = { registry = "https://pypi.org/simple" }
dependencies = [
    { name = "colorama", marker = "sys_platform == 'win32'" },
]
sdist = { url = "https://files.pythonhosted.org/packages/a8/4b/29b4ef32e036bb34e4ab51796dd745cdba7ed47ad142a9f4a1eb8e0c744d/tqdm-4.67.1.tar.gz", hash = "sha256:f8aef9c52c08c13a65f30ea34f4e5aac3fd1a34959879d7e59e63027286627f2", size = 169737 }
wheels = [
    { url = "https://files.pythonhosted.org/packages/d0/30/dc54f88dd4a2b5dc8a0279bdd7270e735851848b762aeb1c1184ed1f6b14/tqdm-4.67.1-py3-none-any.whl", hash = "sha256:26445eca388f82e72884e0d580d5464cd801a3ea01e63e5601bdff9ba6a48de2", size = 78540 },
]
